
Microsoft Visual Studio Solution File, Format Version 12.00
# Visual Studio Version 17
VisualStudioVersion = 17.0.31903.59
MinimumVisualStudioVersion = 10.0.40219.1
Project("{2150E333-8FDC-42A3-9474-1A3956D46DE8}") = "ProductManagementAPI", "ProductManagementAPI", "{4583FA4E-7BBF-453C-827F-82B0A2B3B3CC}"
EndProject
Project("{FAE04EC0-301F-11D3-BF4B-00C04F79EFBC}") = "ProductManagementApi", "ProductManagementAPI\ProductManagementApi\ProductManagementApi.csproj", "{6976C8C6-B1D1-45F1-9608-1C5B77E95C23}"
EndProject
Global
	GlobalSection(SolutionConfigurationPlatforms) = preSolution
		Debug|Any CPU = Debug|Any CPU
		Release|Any CPU = Release|Any CPU
	EndGlobalSection
	GlobalSection(SolutionProperties) = preSolution
		HideSolutionNode = FALSE
	EndGlobalSection
	GlobalSection(ProjectConfigurationPlatforms) = postSolution
		{6976C8C6-B1D1-45F1-9608-1C5B77E95C23}.Debug|Any CPU.ActiveCfg = Debug|Any CPU
		{6976C8C6-B1D1-45F1-9608-1C5B77E95C23}.Debug|Any CPU.Build.0 = Debug|Any CPU
		{6976C8C6-B1D1-45F1-9608-1C5B77E95C23}.Release|Any CPU.ActiveCfg = Release|Any CPU
		{6976C8C6-B1D1-45F1-9608-1C5B77E95C23}.Release|Any CPU.Build.0 = Release|Any CPU
	EndGlobalSection
	GlobalSection(NestedProjects) = preSolution
		{6976C8C6-B1D1-45F1-9608-1C5B77E95C23} = {4583FA4E-7BBF-453C-827F-82B0A2B3B3CC}
	EndGlobalSection
EndGlobal
